
Microsoft Visual Studio Solution File, Format Version 12.00
# Visual Studio 15
VisualStudioVersion = 15.0.27413.0
MinimumVisualStudioVersion = 10.0.40219.1
Project("{FAE04EC0-301F-11D3-BF4B-00C04F79EFBC}") = "Cellenza.Pinpon.BackgroundApp", "Cellenza.Pinpon.BackgroundApp\Cellenza.Pinpon.BackgroundApp.csproj", "{781F0BA5-3FD4-4AA8-89BD-E82A23DB14F4}"
EndProject
Project("{FAE04EC0-301F-11D3-BF4B-00C04F79EFBC}") = "Cellenza.Pinpon.Front.Host", "Cellenza.Pinpon.Front.Host\Cellenza.Pinpon.Front.Host.csproj", "{846BDCF4-16F9-441A-849F-78B25A2D713D}"
EndProject
Project("{9A19103F-16F7-4668-BE54-9A1E7A4F7556}") = "Cellenza.Pinpon.Front.AsLib", "Cellenza.Pinpon.Front\Cellenza.Pinpon.Front.AsLib.csproj", "{F844BCB4-6699-4D46-903D-F8125D3785BA}"
EndProject
Project("{9A19103F-16F7-4668-BE54-9A1E7A4F7556}") = "Cellenza.Pinpon.Core", "Cellenza.Pinpon.Core\Cellenza.Pinpon.Core.csproj", "{EAD6B642-DED2-4E5B-BCF8-9BD99FC484F9}"
EndProject
Project("{9A19103F-16F7-4668-BE54-9A1E7A4F7556}") = "Cellenza.Pinpon.QueueDebugger", "Cellenza.Pinpon.QueueDebugger\Cellenza.Pinpon.QueueDebugger.csproj", "{E8991AFB-FD80-40B9-AFE5-0E43F4319A52}"
EndProject
Project("{2150E333-8FDC-42A3-9474-1A3956D46DE8}") = "Cellenza.Pinpon.Front", "Cellenza.Pinpon.Front", "{C2C9CF7A-35E4-4945-9254-4B716130A5B9}"
EndProject
Project("{2150E333-8FDC-42A3-9474-1A3956D46DE8}") = "Cellenza.Pinpon.Worker", "Cellenza.Pinpon.Worker", "{ADD3557D-FCFD-4FE9-B9B3-F92E618911D2}"
EndProject
Global
	GlobalSection(SolutionConfigurationPlatforms) = preSolution
		Debug|Any CPU = Debug|Any CPU
		Debug|ARM = Debug|ARM
		Debug|x64 = Debug|x64
		Debug|x86 = Debug|x86
		Release|Any CPU = Release|Any CPU
		Release|ARM = Release|ARM
		Release|x64 = Release|x64
		Release|x86 = Release|x86
	EndGlobalSection
	GlobalSection(ProjectConfigurationPlatforms) = postSolution
		{781F0BA5-3FD4-4AA8-89BD-E82A23DB14F4}.Debug|Any CPU.ActiveCfg = Debug|x86
		{781F0BA5-3FD4-4AA8-89BD-E82A23DB14F4}.Debug|ARM.ActiveCfg = Debug|ARM
		{781F0BA5-3FD4-4AA8-89BD-E82A23DB14F4}.Debug|ARM.Build.0 = Debug|ARM
		{781F0BA5-3FD4-4AA8-89BD-E82A23DB14F4}.Debug|ARM.Deploy.0 = Debug|ARM
		{781F0BA5-3FD4-4AA8-89BD-E82A23DB14F4}.Debug|x64.ActiveCfg = Debug|x64
		{781F0BA5-3FD4-4AA8-89BD-E82A23DB14F4}.Debug|x64.Build.0 = Debug|x64
		{781F0BA5-3FD4-4AA8-89BD-E82A23DB14F4}.Debug|x64.Deploy.0 = Debug|x64
		{781F0BA5-3FD4-4AA8-89BD-E82A23DB14F4}.Debug|x86.ActiveCfg = Debug|x86
		{781F0BA5-3FD4-4AA8-89BD-E82A23DB14F4}.Debug|x86.Build.0 = Debug|x86
		{781F0BA5-3FD4-4AA8-89BD-E82A23DB14F4}.Debug|x86.Deploy.0 = Debug|x86
		{781F0BA5-3FD4-4AA8-89BD-E82A23DB14F4}.Release|Any CPU.ActiveCfg = Release|x86
		{781F0BA5-3FD4-4AA8-89BD-E82A23DB14F4}.Release|ARM.ActiveCfg = Release|ARM
		{781F0BA5-3FD4-4AA8-89BD-E82A23DB14F4}.Release|ARM.Build.0 = Release|ARM
		{781F0BA5-3FD4-4AA8-89BD-E82A23DB14F4}.Release|ARM.Deploy.0 = Release|ARM
		{781F0BA5-3FD4-4AA8-89BD-E82A23DB14F4}.Release|x64.ActiveCfg = Release|x64
		{781F0BA5-3FD4-4AA8-89BD-E82A23DB14F4}.Release|x64.Build.0 = Release|x64
		{781F0BA5-3FD4-4AA8-89BD-E82A23DB14F4}.Release|x64.Deploy.0 = Release|x64
		{781F0BA5-3FD4-4AA8-89BD-E82A23DB14F4}.Release|x86.ActiveCfg = Release|x86
		{781F0BA5-3FD4-4AA8-89BD-E82A23DB14F4}.Release|x86.Build.0 = Release|x86
		{781F0BA5-3FD4-4AA8-89BD-E82A23DB14F4}.Release|x86.Deploy.0 = Release|x86
		{846BDCF4-16F9-441A-849F-78B25A2D713D}.Debug|Any CPU.ActiveCfg = Debug|x86
		{846BDCF4-16F9-441A-849F-78B25A2D713D}.Debug|ARM.ActiveCfg = Debug|ARM
		{846BDCF4-16F9-441A-849F-78B25A2D713D}.Debug|ARM.Build.0 = Debug|ARM
		{846BDCF4-16F9-441A-849F-78B25A2D713D}.Debug|ARM.Deploy.0 = Debug|ARM
		{846BDCF4-16F9-441A-849F-78B25A2D713D}.Debug|x64.ActiveCfg = Debug|x64
		{846BDCF4-16F9-441A-849F-78B25A2D713D}.Debug|x64.Build.0 = Debug|x64
		{846BDCF4-16F9-441A-849F-78B25A2D713D}.Debug|x64.Deploy.0 = Debug|x64
		{846BDCF4-16F9-441A-849F-78B25A2D713D}.Debug|x86.ActiveCfg = Debug|x86
		{846BDCF4-16F9-441A-849F-78B25A2D713D}.Debug|x86.Build.0 = Debug|x86
		{846BDCF4-16F9-441A-849F-78B25A2D713D}.Debug|x86.Deploy.0 = Debug|x86
		{846BDCF4-16F9-441A-849F-78B25A2D713D}.Release|Any CPU.ActiveCfg = Release|x86
		{846BDCF4-16F9-441A-849F-78B25A2D713D}.Release|ARM.ActiveCfg = Release|ARM
		{846BDCF4-16F9-441A-849F-78B25A2D713D}.Release|ARM.Build.0 = Release|ARM
		{846BDCF4-16F9-441A-849F-78B25A2D713D}.Release|ARM.Deploy.0 = Release|ARM
		{846BDCF4-16F9-441A-849F-78B25A2D713D}.Release|x64.ActiveCfg = Release|x64
		{846BDCF4-16F9-441A-849F-78B25A2D713D}.Release|x64.Build.0 = Release|x64
		{846BDCF4-16F9-441A-849F-78B25A2D713D}.Release|x64.Deploy.0 = Release|x64
		{846BDCF4-16F9-441A-849F-78B25A2D713D}.Release|x86.ActiveCfg = Release|x86
		{846BDCF4-16F9-441A-849F-78B25A2D713D}.Release|x86.Build.0 = Release|x86
		{846BDCF4-16F9-441A-849F-78B25A2D713D}.Release|x86.Deploy.0 = Release|x86
		{F844BCB4-6699-4D46-903D-F8125D3785BA}.Debug|Any CPU.ActiveCfg = Debug|Any CPU
		{F844BCB4-6699-4D46-903D-F8125D3785BA}.Debug|Any CPU.Build.0 = Debug|Any CPU
		{F844BCB4-6699-4D46-903D-F8125D3785BA}.Debug|ARM.ActiveCfg = Debug|Any CPU
		{F844BCB4-6699-4D46-903D-F8125D3785BA}.Debug|ARM.Build.0 = Debug|Any CPU
		{F844BCB4-6699-4D46-903D-F8125D3785BA}.Debug|x64.ActiveCfg = Debug|Any CPU
		{F844BCB4-6699-4D46-903D-F8125D3785BA}.Debug|x64.Build.0 = Debug|Any CPU
		{F844BCB4-6699-4D46-903D-F8125D3785BA}.Debug|x86.ActiveCfg = Debug|Any CPU
		{F844BCB4-6699-4D46-903D-F8125D3785BA}.Debug|x86.Build.0 = Debug|Any CPU
		{F844BCB4-6699-4D46-903D-F8125D3785BA}.Release|Any CPU.ActiveCfg = Release|Any CPU
		{F844BCB4-6699-4D46-903D-F8125D3785BA}.Release|Any CPU.Build.0 = Release|Any CPU
		{F844BCB4-6699-4D46-903D-F8125D3785BA}.Release|ARM.ActiveCfg = Release|Any CPU
		{F844BCB4-6699-4D46-903D-F8125D3785BA}.Release|ARM.Build.0 = Release|Any CPU
		{F844BCB4-6699-4D46-903D-F8125D3785BA}.Release|x64.ActiveCfg = Release|Any CPU
		{F844BCB4-6699-4D46-903D-F8125D3785BA}.Release|x64.Build.0 = Release|Any CPU
		{F844BCB4-6699-4D46-903D-F8125D3785BA}.Release|x86.ActiveCfg = Release|Any CPU
		{F844BCB4-6699-4D46-903D-F8125D3785BA}.Release|x86.Build.0 = Release|Any CPU
		{EAD6B642-DED2-4E5B-BCF8-9BD99FC484F9}.Debug|Any CPU.ActiveCfg = Debug|Any CPU
		{EAD6B642-DED2-4E5B-BCF8-9BD99FC484F9}.Debug|Any CPU.Build.0 = Debug|Any CPU
		{EAD6B642-DED2-4E5B-BCF8-9BD99FC484F9}.Debug|ARM.ActiveCfg = Debug|Any CPU
		{EAD6B642-DED2-4E5B-BCF8-9BD99FC484F9}.Debug|ARM.Build.0 = Debug|Any CPU
		{EAD6B642-DED2-4E5B-BCF8-9BD99FC484F9}.Debug|x64.ActiveCfg = Debug|Any CPU
		{EAD6B642-DED2-4E5B-BCF8-9BD99FC484F9}.Debug|x64.Build.0 = Debug|Any CPU
		{EAD6B642-DED2-4E5B-BCF8-9BD99FC484F9}.Debug|x86.ActiveCfg = Debug|Any CPU
		{EAD6B642-DED2-4E5B-BCF8-9BD99FC484F9}.Debug|x86.Build.0 = Debug|Any CPU
		{EAD6B642-DED2-4E5B-BCF8-9BD99FC484F9}.Release|Any CPU.ActiveCfg = Release|Any CPU
		{EAD6B642-DED2-4E5B-BCF8-9BD99FC484F9}.Release|Any CPU.Build.0 = Release|Any CPU
		{EAD6B642-DED2-4E5B-BCF8-9BD99FC484F9}.Release|ARM.ActiveCfg = Release|Any CPU
		{EAD6B642-DED2-4E5B-BCF8-9BD99FC484F9}.Release|ARM.Build.0 = Release|Any CPU
		{EAD6B642-DED2-4E5B-BCF8-9BD99FC484F9}.Release|x64.ActiveCfg = Release|Any CPU
		{EAD6B642-DED2-4E5B-BCF8-9BD99FC484F9}.Release|x64.Build.0 = Release|Any CPU
		{EAD6B642-DED2-4E5B-BCF8-9BD99FC484F9}.Release|x86.ActiveCfg = Release|Any CPU
		{EAD6B642-DED2-4E5B-BCF8-9BD99FC484F9}.Release|x86.Build.0 = Release|Any CPU
		{E8991AFB-FD80-40B9-AFE5-0E43F4319A52}.Debug|Any CPU.ActiveCfg = Debug|Any CPU
		{E8991AFB-FD80-40B9-AFE5-0E43F4319A52}.Debug|Any CPU.Build.0 = Debug|Any CPU
		{E8991AFB-FD80-40B9-AFE5-0E43F4319A52}.Debug|ARM.ActiveCfg = Debug|Any CPU
		{E8991AFB-FD80-40B9-AFE5-0E43F4319A52}.Debug|ARM.Build.0 = Debug|Any CPU
		{E8991AFB-FD80-40B9-AFE5-0E43F4319A52}.Debug|x64.ActiveCfg = Debug|Any CPU
		{E8991AFB-FD80-40B9-AFE5-0E43F4319A52}.Debug|x64.Build.0 = Debug|Any CPU
		{E8991AFB-FD80-40B9-AFE5-0E43F4319A52}.Debug|x86.ActiveCfg = Debug|Any CPU
		{E8991AFB-FD80-40B9-AFE5-0E43F4319A52}.Debug|x86.Build.0 = Debug|Any CPU
		{E8991AFB-FD80-40B9-AFE5-0E43F4319A52}.Release|Any CPU.ActiveCfg = Release|Any CPU
		{E8991AFB-FD80-40B9-AFE5-0E43F4319A52}.Release|Any CPU.Build.0 = Release|Any CPU
		{E8991AFB-FD80-40B9-AFE5-0E43F4319A52}.Release|ARM.ActiveCfg = Release|Any CPU
		{E8991AFB-FD80-40B9-AFE5-0E43F4319A52}.Release|ARM.Build.0 = Release|Any CPU
		{E8991AFB-FD80-40B9-AFE5-0E43F4319A52}.Release|x64.ActiveCfg = Release|Any CPU
		{E8991AFB-FD80-40B9-AFE5-0E43F4319A52}.Release|x64.Build.0 = Release|Any CPU
		{E8991AFB-FD80-40B9-AFE5-0E43F4319A52}.Release|x86.ActiveCfg = Release|Any CPU
		{E8991AFB-FD80-40B9-AFE5-0E43F4319A52}.Release|x86.Build.0 = Release|Any CPU
	EndGlobalSection
	GlobalSection(SolutionProperties) = preSolution
		HideSolutionNode = FALSE
	EndGlobalSection
	GlobalSection(NestedProjects) = preSolution
		{781F0BA5-3FD4-4AA8-89BD-E82A23DB14F4} = {ADD3557D-FCFD-4FE9-B9B3-F92E618911D2}
		{846BDCF4-16F9-441A-849F-78B25A2D713D} = {C2C9CF7A-35E4-4945-9254-4B716130A5B9}
		{F844BCB4-6699-4D46-903D-F8125D3785BA} = {C2C9CF7A-35E4-4945-9254-4B716130A5B9}
		{EAD6B642-DED2-4E5B-BCF8-9BD99FC484F9} = {ADD3557D-FCFD-4FE9-B9B3-F92E618911D2}
		{E8991AFB-FD80-40B9-AFE5-0E43F4319A52} = {ADD3557D-FCFD-4FE9-B9B3-F92E618911D2}
	EndGlobalSection
	GlobalSection(ExtensibilityGlobals) = postSolution
		SolutionGuid = {F068ECD1-F9BE-4B57-80A5-47FBDB8F71D1}
	EndGlobalSection
EndGlobal
